
Microsoft Visual Studio Solution File, Format Version 12.00
# Visual Studio Version 17
VisualStudioVersion = 17.0.31903.59
MinimumVisualStudioVersion = 10.0.40219.1
Project("{2150E333-8FDC-42A3-9474-1A3956D46DE8}") = "src", "src", "{633B3914-EB24-4446-8C00-67D2F8AF7C12}"
EndProject
Project("{2150E333-8FDC-42A3-9474-1A3956D46DE8}") = "Services", "Services", "{0578260E-4FB9-4F14-882A-2DFDFEE763EC}"
EndProject
Project("{2150E333-8FDC-42A3-9474-1A3956D46DE8}") = "AuthService.Dotnet", "AuthService.Dotnet", "{A0A680BB-5962-4A87-BC56-ECE52B2F9EB7}"
EndProject
Project("{FAE04EC0-301F-11D3-BF4B-00C04F79EFBC}") = "AuthService.Dotnet.Application", "src\Services\AuthService.Dotnet\AuthService.Dotnet.Application\AuthService.Dotnet.Application.csproj", "{CAA99B94-8382-4B7D-9885-AA9B5D11632A}"
EndProject
Project("{FAE04EC0-301F-11D3-BF4B-00C04F79EFBC}") = "AuthService.Dotnet.Domain", "src\Services\AuthService.Dotnet\AuthService.Dotnet.Domain\AuthService.Dotnet.Domain.csproj", "{65D6D751-0892-48ED-9AC0-AB3255A39307}"
EndProject
Project("{FAE04EC0-301F-11D3-BF4B-00C04F79EFBC}") = "AuthService.Dotnet.Grpc", "src\Services\AuthService.Dotnet\AuthService.Dotnet.Grpc\AuthService.Dotnet.Grpc.csproj", "{FCDBA5B8-E114-4BF7-BA95-6DD7971E0FAC}"
EndProject
Project("{FAE04EC0-301F-11D3-BF4B-00C04F79EFBC}") = "AuthService.Dotnet.Infrastructure", "src\Services\AuthService.Dotnet\AuthService.Dotnet.Ifrastructure\AuthService.Dotnet.Infrastructure.csproj", "{229212AF-9D30-43F2-A6B8-3B35ACA233B7}"
EndProject
Project("{FAE04EC0-301F-11D3-BF4B-00C04F79EFBC}") = "AuthService.Dotnet.Persistence", "src\Services\AuthService.Dotnet\AuthService.Dotnet.Persistence\AuthService.Dotnet.Persistence.csproj", "{1096326D-FE7C-4B90-8687-5DC77F35D56C}"
EndProject
Global
	GlobalSection(SolutionConfigurationPlatforms) = preSolution
		Debug|Any CPU = Debug|Any CPU
		Release|Any CPU = Release|Any CPU
	EndGlobalSection
	GlobalSection(ProjectConfigurationPlatforms) = postSolution
		{CAA99B94-8382-4B7D-9885-AA9B5D11632A}.Debug|Any CPU.ActiveCfg = Debug|Any CPU
		{CAA99B94-8382-4B7D-9885-AA9B5D11632A}.Debug|Any CPU.Build.0 = Debug|Any CPU
		{CAA99B94-8382-4B7D-9885-AA9B5D11632A}.Release|Any CPU.ActiveCfg = Release|Any CPU
		{CAA99B94-8382-4B7D-9885-AA9B5D11632A}.Release|Any CPU.Build.0 = Release|Any CPU
		{65D6D751-0892-48ED-9AC0-AB3255A39307}.Debug|Any CPU.ActiveCfg = Debug|Any CPU
		{65D6D751-0892-48ED-9AC0-AB3255A39307}.Debug|Any CPU.Build.0 = Debug|Any CPU
		{65D6D751-0892-48ED-9AC0-AB3255A39307}.Release|Any CPU.ActiveCfg = Release|Any CPU
		{65D6D751-0892-48ED-9AC0-AB3255A39307}.Release|Any CPU.Build.0 = Release|Any CPU
		{FCDBA5B8-E114-4BF7-BA95-6DD7971E0FAC}.Debug|Any CPU.ActiveCfg = Debug|Any CPU
		{FCDBA5B8-E114-4BF7-BA95-6DD7971E0FAC}.Debug|Any CPU.Build.0 = Debug|Any CPU
		{FCDBA5B8-E114-4BF7-BA95-6DD7971E0FAC}.Release|Any CPU.ActiveCfg = Release|Any CPU
		{FCDBA5B8-E114-4BF7-BA95-6DD7971E0FAC}.Release|Any CPU.Build.0 = Release|Any CPU
		{229212AF-9D30-43F2-A6B8-3B35ACA233B7}.Debug|Any CPU.ActiveCfg = Debug|Any CPU
		{229212AF-9D30-43F2-A6B8-3B35ACA233B7}.Debug|Any CPU.Build.0 = Debug|Any CPU
		{229212AF-9D30-43F2-A6B8-3B35ACA233B7}.Release|Any CPU.ActiveCfg = Release|Any CPU
		{229212AF-9D30-43F2-A6B8-3B35ACA233B7}.Release|Any CPU.Build.0 = Release|Any CPU
		{1096326D-FE7C-4B90-8687-5DC77F35D56C}.Debug|Any CPU.ActiveCfg = Debug|Any CPU
		{1096326D-FE7C-4B90-8687-5DC77F35D56C}.Debug|Any CPU.Build.0 = Debug|Any CPU
		{1096326D-FE7C-4B90-8687-5DC77F35D56C}.Release|Any CPU.ActiveCfg = Release|Any CPU
		{1096326D-FE7C-4B90-8687-5DC77F35D56C}.Release|Any CPU.Build.0 = Release|Any CPU
	EndGlobalSection
	GlobalSection(SolutionProperties) = preSolution
		HideSolutionNode = FALSE
	EndGlobalSection
	GlobalSection(NestedProjects) = preSolution
		{0578260E-4FB9-4F14-882A-2DFDFEE763EC} = {633B3914-EB24-4446-8C00-67D2F8AF7C12}
		{A0A680BB-5962-4A87-BC56-ECE52B2F9EB7} = {0578260E-4FB9-4F14-882A-2DFDFEE763EC}
		{CAA99B94-8382-4B7D-9885-AA9B5D11632A} = {A0A680BB-5962-4A87-BC56-ECE52B2F9EB7}
		{65D6D751-0892-48ED-9AC0-AB3255A39307} = {A0A680BB-5962-4A87-BC56-ECE52B2F9EB7}
		{FCDBA5B8-E114-4BF7-BA95-6DD7971E0FAC} = {A0A680BB-5962-4A87-BC56-ECE52B2F9EB7}
		{229212AF-9D30-43F2-A6B8-3B35ACA233B7} = {A0A680BB-5962-4A87-BC56-ECE52B2F9EB7}
		{1096326D-FE7C-4B90-8687-5DC77F35D56C} = {A0A680BB-5962-4A87-BC56-ECE52B2F9EB7}
	EndGlobalSection
EndGlobal
